
Microsoft Visual Studio Solution File, Format Version 12.00
# Visual Studio 15
VisualStudioVersion = 15.0.28307.572
MinimumVisualStudioVersion = 10.0.40219.1
Project("{9A19103F-16F7-4668-BE54-9A1E7A4F7556}") = "Lab2Expense", "Lab2Expense\Lab2Expense.csproj", "{BFA22133-FA8F-4EE3-B32B-B53735D419BF}"
EndProject
Project("{FAE04EC0-301F-11D3-BF4B-00C04F79EFBC}") = "TestUsersService", "TestUsersService\TestUsersService.csproj", "{79351306-3A93-4354-A826-EE938554AE02}"
EndProject
Global
	GlobalSection(SolutionConfigurationPlatforms) = preSolution
		Debug|Any CPU = Debug|Any CPU
		Release|Any CPU = Release|Any CPU
	EndGlobalSection
	GlobalSection(ProjectConfigurationPlatforms) = postSolution
		{BFA22133-FA8F-4EE3-B32B-B53735D419BF}.Debug|Any CPU.ActiveCfg = Debug|Any CPU
		{BFA22133-FA8F-4EE3-B32B-B53735D419BF}.Debug|Any CPU.Build.0 = Debug|Any CPU
		{BFA22133-FA8F-4EE3-B32B-B53735D419BF}.Release|Any CPU.ActiveCfg = Release|Any CPU
		{BFA22133-FA8F-4EE3-B32B-B53735D419BF}.Release|Any CPU.Build.0 = Release|Any CPU
		{79351306-3A93-4354-A826-EE938554AE02}.Debug|Any CPU.ActiveCfg = Debug|Any CPU
		{79351306-3A93-4354-A826-EE938554AE02}.Debug|Any CPU.Build.0 = Debug|Any CPU
		{79351306-3A93-4354-A826-EE938554AE02}.Release|Any CPU.ActiveCfg = Release|Any CPU
		{79351306-3A93-4354-A826-EE938554AE02}.Release|Any CPU.Build.0 = Release|Any CPU
	EndGlobalSection
	GlobalSection(SolutionProperties) = preSolution
		HideSolutionNode = FALSE
	EndGlobalSection
	GlobalSection(ExtensibilityGlobals) = postSolution
		SolutionGuid = {63E7889D-485B-4D96-8F39-9249555E1638}
	EndGlobalSection
EndGlobal
